// !$*UTF8*$!
{
	archiveVersion = 1;
	classes = {
	};
	objectVersion = 46;
	objects = {

/* Begin PBXBuildFile section */
		C4BFBAF2192300490005893C /* Foundation.framework in Frameworks */ = {isa = PBXBuildFile; fileRef = C4BFBAF1192300490005893C /* Foundation.framework */; };
		C4BFBAF4192300490005893C /* CoreGraphics.framework in Frameworks */ = {isa = PBXBuildFile; fileRef = C4BFBAF3192300490005893C /* CoreGraphics.framework */; };
		C4BFBAF6192300490005893C /* UIKit.framework in Frameworks */ = {isa = PBXBuildFile; fileRef = C4BFBAF5192300490005893C /* UIKit.framework */; };
		C4BFBAFC192300490005893C /* InfoPlist.strings in Resources */ = {isa = PBXBuildFile; fileRef = C4BFBAFA192300490005893C /* InfoPlist.strings */; };
		C4BFBAFE192300490005893C /* main.m in Sources */ = {isa = PBXBuildFile; fileRef = C4BFBAFD192300490005893C /* main.m */; };
		C4BFBB02192300490005893C /* AppDelegate.m in Sources */ = {isa = PBXBuildFile; fileRef = C4BFBB01192300490005893C /* AppDelegate.m */; };
		C4BFBB051923004A0005893C /* Main.storyboard in Resources */ = {isa = PBXBuildFile; fileRef = C4BFBB031923004A0005893C /* Main.storyboard */; };
		C4BFBB081923004A0005893C /* ViewController.m in Sources */ = {isa = PBXBuildFile; fileRef = C4BFBB071923004A0005893C /* ViewController.m */; };
		C4BFBB0A1923004A0005893C /* Images.xcassets in Resources */ = {isa = PBXBuildFile; fileRef = C4BFBB091923004A0005893C /* Images.xcassets */; };
		C4BFBB111923004A0005893C /* XCTest.framework in Frameworks */ = {isa = PBXBuildFile; fileRef = C4BFBB101923004A0005893C /* XCTest.framework */; };
		C4BFBB121923004A0005893C /* Foundation.framework in Frameworks */ = {isa = PBXBuildFile; fileRef = C4BFBAF1192300490005893C /* Foundation.framework */; };
		C4BFBB131923004A0005893C /* UIKit.framework in Frameworks */ = {isa = PBXBuildFile; fileRef = C4BFBAF5192300490005893C /* UIKit.framework */; };
		C4BFBB1B1923004A0005893C /* InfoPlist.strings in Resources */ = {isa = PBXBuildFile; fileRef = C4BFBB191923004A0005893C /* InfoPlist.strings */; };
		C4BFBB1D1923004A0005893C /* AdventureTests.m in Sources */ = {isa = PBXBuildFile; fileRef = C4BFBB1C1923004A0005893C /* AdventureTests.m */; };
/* End PBXBuildFile section */

/* Begin PBXContainerItemProxy section */
		C4BFBB141923004A0005893C /* PBXContainerItemProxy */ = {
			isa = PBXContainerItemProxy;
			containerPortal = C4BFBAE6192300490005893C /* Project object */;
			proxyType = 1;
			remoteGlobalIDString = C4BFBAED192300490005893C;
			remoteInfo = Adventure;
		};
/* End PBXContainerItemProxy section */

/* Begin PBXFileReference section */
		C4BFBAEE192300490005893C /* Adventure.app */ = {isa = PBXFileReference; explicitFileType = wrapper.application; includeInIndex = 0; path = Adventure.app; sourceTree = BUILT_PRODUCTS_DIR; };
		C4BFBAF1192300490005893C /* Foundation.framework */ = {isa = PBXFileReference; lastKnownFileType = wrapper.framework; name = Foundation.framework; path = System/Library/Frameworks/Foundation.framework; sourceTree = SDKROOT; };
		C4BFBAF3192300490005893C /* CoreGraphics.framework */ = {isa = PBXFileReference; lastKnownFileType = wrapper.framework; name = CoreGraphics.framework; path = System/Library/Frameworks/CoreGraphics.framework; sourceTree = SDKROOT; };
		C4BFBAF5192300490005893C /* UIKit.framework */ = {isa = PBXFileReference; lastKnownFileType = wrapper.framework; name = UIKit.framework; path = System/Library/Frameworks/UIKit.framework; sourceTree = SDKROOT; };
		C4BFBAF9192300490005893C /* Adventure-Info.plist */ = {isa = PBXFileReference; lastKnownFileType = text.plist.xml; path = "Adventure-Info.plist"; sourceTree = "<group>"; };
		C4BFBAFB192300490005893C /* en */ = {isa = PBXFileReference; lastKnownFileType = text.plist.strings; name = en; path = en.lproj/InfoPlist.strings; sourceTree = "<group>"; };
		C4BFBAFD192300490005893C /* main.m */ = {isa = PBXFileReference; lastKnownFileType = sourcecode.c.objc; path = main.m; sourceTree = "<group>"; };
		C4BFBAFF192300490005893C /* Adventure-Prefix.pch */ = {isa = PBXFileReference; lastKnownFileType = sourcecode.c.h; path = "Adventure-Prefix.pch"; sourceTree = "<group>"; };
		C4BFBB00192300490005893C /* AppDelegate.h */ = {isa = PBXFileReference; lastKnownFileType = sourcecode.c.h; path = AppDelegate.h; sourceTree = "<group>"; };
		C4BFBB01192300490005893C /* AppDelegate.m */ = {isa = PBXFileReference; lastKnownFileType = sourcecode.c.objc; path = AppDelegate.m; sourceTree = "<group>"; };
		C4BFBB041923004A0005893C /* Base */ = {isa = PBXFileReference; lastKnownFileType = file.storyboard; name = Base; path = Base.lproj/Main.storyboard; sourceTree = "<group>"; };
		C4BFBB061923004A0005893C /* ViewController.h */ = {isa = PBXFileReference; lastKnownFileType = sourcecode.c.h; path = ViewController.h; sourceTree = "<group>"; };
		C4BFBB071923004A0005893C /* ViewController.m */ = {isa = PBXFileReference; lastKnownFileType = sourcecode.c.objc; path = ViewController.m; sourceTree = "<group>"; };
		C4BFBB091923004A0005893C /* Images.xcassets */ = {isa = PBXFileReference; lastKnownFileType = folder.assetcatalog; path = Images.xcassets; sourceTree = "<group>"; };
		C4BFBB0F1923004A0005893C /* AdventureTests.xctest */ = {isa = PBXFileReference; explicitFileType = wrapper.cfbundle; includeInIndex = 0; path = AdventureTests.xctest; sourceTree = BUILT_PRODUCTS_DIR; };
		C4BFBB101923004A0005893C /* XCTest.framework */ = {isa = PBXFileReference; lastKnownFileType = wrapper.framework; name = XCTest.framework; path = Library/Frameworks/XCTest.framework; sourceTree = DEVELOPER_DIR; };
		C4BFBB181923004A0005893C /* AdventureTests-Info.plist */ = {isa = PBXFileReference; lastKnownFileType = text.plist.xml; path = "AdventureTests-Info.plist"; sourceTree = "<group>"; };
		C4BFBB1A1923004A0005893C /* en */ = {isa = PBXFileReference; lastKnownFileType = text.plist.strings; name = en; path = en.lproj/InfoPlist.strings; sourceTree = "<group>"; };
		C4BFBB1C1923004A0005893C /* AdventureTests.m */ = {isa = PBXFileReference; lastKnownFileType = sourcecode.c.objc; path = AdventureTests.m; sourceTree = "<group>"; };
/* End PBXFileReference section */

/* Begin PBXFrameworksBuildPhase section */
		C4BFBAEB192300490005893C /* Frameworks */ = {
			isa = PBXFrameworksBuildPhase;
			buildActionMask = 2147483647;
			files = (
				C4BFBAF4192300490005893C /* CoreGraphics.framework in Frameworks */,
				C4BFBAF6192300490005893C /* UIKit.framework in Frameworks */,
				C4BFBAF2192300490005893C /* Foundation.framework in Frameworks */,
			);
			runOnlyForDeploymentPostprocessing = 0;
		};
		C4BFBB0C1923004A0005893C /* Frameworks */ = {
			isa = PBXFrameworksBuildPhase;
			buildActionMask = 2147483647;
			files = (
				C4BFBB111923004A0005893C /* XCTest.framework in Frameworks */,
				C4BFBB131923004A0005893C /* UIKit.framework in Frameworks */,
				C4BFBB121923004A0005893C /* Foundation.framework in Frameworks */,
			);
			runOnlyForDeploymentPostprocessing = 0;
		};
/* End PBXFrameworksBuildPhase section */

/* Begin PBXGroup section */
		C4BFBAE5192300490005893C = {
			isa = PBXGroup;
			children = (
				C4BFBAF7192300490005893C /* Adventure */,
				C4BFBB161923004A0005893C /* AdventureTests */,
				C4BFBAF0192300490005893C /* Frameworks */,
				C4BFBAEF192300490005893C /* Products */,
			);
			sourceTree = "<group>";
		};
		C4BFBAEF192300490005893C /* Products */ = {
			isa = PBXGroup;
			children = (
				C4BFBAEE192300490005893C /* Adventure.app */,
				C4BFBB0F1923004A0005893C /* AdventureTests.xctest */,
			);
			name = Products;
			sourceTree = "<group>";
		};
		C4BFBAF0192300490005893C /* Frameworks */ = {
			isa = PBXGroup;
			children = (
				C4BFBAF1192300490005893C /* Foundation.framework */,
				C4BFBAF3192300490005893C /* CoreGraphics.framework */,
				C4BFBAF5192300490005893C /* UIKit.framework */,
				C4BFBB101923004A0005893C /* XCTest.framework */,
			);
			name = Frameworks;
			sourceTree = "<group>";
		};
		C4BFBAF7192300490005893C /* Adventure */ = {
			isa = PBXGroup;
			children = (
				C4BFBB00192300490005893C /* AppDelegate.h */,
				C4BFBB01192300490005893C /* AppDelegate.m */,
				C4BFBB031923004A0005893C /* Main.storyboard */,
				C4BFBB061923004A0005893C /* ViewController.h */,
				C4BFBB071923004A0005893C /* ViewController.m */,
				C4BFBB091923004A0005893C /* Images.xcassets */,
				C4BFBAF8192300490005893C /* Supporting Files */,
			);
			path = Adventure;
			sourceTree = "<group>";
		};
		C4BFBAF8192300490005893C /* Supporting Files */ = {
			isa = PBXGroup;
			children = (
				C4BFBAF9192300490005893C /* Adventure-Info.plist */,
				C4BFBAFA192300490005893C /* InfoPlist.strings */,
				C4BFBAFD192300490005893C /* main.m */,
				C4BFBAFF192300490005893C /* Adventure-Prefix.pch */,
			);
			name = "Supporting Files";
			sourceTree = "<group>";
		};
		C4BFBB161923004A0005893C /* AdventureTests */ = {
			isa = PBXGroup;
			children = (
				C4BFBB1C1923004A0005893C /* AdventureTests.m */,
				C4BFBB171923004A0005893C /* Supporting Files */,
			);
			path = AdventureTests;
			sourceTree = "<group>";
		};
		C4BFBB171923004A0005893C /* Supporting Files */ = {
			isa = PBXGroup;
			children = (
				C4BFBB181923004A0005893C /* AdventureTests-Info.plist */,
				C4BFBB191923004A0005893C /* InfoPlist.strings */,
			);
			name = "Supporting Files";
			sourceTree = "<group>";
		};
/* End PBXGroup section */

/* Begin PBXNativeTarget section */
		C4BFBAED192300490005893C /* Adventure */ = {
			isa = PBXNativeTarget;
			buildConfigurationList = C4BFBB201923004A0005893C /* Build configuration list for PBXNativeTarget "Adventure" */;
			buildPhases = (
				C4BFBAEA192300490005893C /* Sources */,
				C4BFBAEB192300490005893C /* Frameworks */,
				C4BFBAEC192300490005893C /* Resources */,
			);
			buildRules = (
			);
			dependencies = (
			);
			name = Adventure;
			productName = Adventure;
			productReference = C4BFBAEE192300490005893C /* Adventure.app */;
			productType = "com.apple.product-type.application";
		};
		C4BFBB0E1923004A0005893C /* AdventureTests */ = {
			isa = PBXNativeTarget;
			buildConfigurationList = C4BFBB231923004A0005893C /* Build configuration list for PBXNativeTarget "AdventureTests" */;
			buildPhases = (
				C4BFBB0B1923004A0005893C /* Sources */,
				C4BFBB0C1923004A0005893C /* Frameworks */,
				C4BFBB0D1923004A0005893C /* Resources */,
			);
			buildRules = (
			);
			dependencies = (
				C4BFBB151923004A0005893C /* PBXTargetDependency */,
			);
			name = AdventureTests;
			productName = AdventureTests;
			productReference = C4BFBB0F1923004A0005893C /* AdventureTests.xctest */;
			productType = "com.apple.product-type.bundle.unit-test";
		};
/* End PBXNativeTarget section */

/* Begin PBXProject section */
		C4BFBAE6192300490005893C /* Project object */ = {
			isa = PBXProject;
			attributes = {
				LastUpgradeCheck = 0510;
				ORGANIZATIONNAME = BGHS;
				TargetAttributes = {
					C4BFBB0E1923004A0005893C = {
						TestTargetID = C4BFBAED192300490005893C;
					};
				};
			};
			buildConfigurationList = C4BFBAE9192300490005893C /* Build configuration list for PBXProject "Adventure" */;
			compatibilityVersion = "Xcode 3.2";
			developmentRegion = English;
			hasScannedForEncodings = 0;
			knownRegions = (
				en,
				Base,
			);
			mainGroup = C4BFBAE5192300490005893C;
			productRefGroup = C4BFBAEF192300490005893C /* Products */;
			projectDirPath = "";
			projectRoot = "";
			targets = (
				C4BFBAED192300490005893C /* Adventure */,
				C4BFBB0E1923004A0005893C /* AdventureTests */,
			);
		};
/* End PBXProject section */

/* Begin PBXResourcesBuildPhase section */
		C4BFBAEC192300490005893C /* Resources */ = {
			isa = PBXResourcesBuildPhase;
			buildActionMask = 2147483647;
			files = (
				C4BFBB0A1923004A0005893C /* Images.xcassets in Resources */,
				C4BFBAFC192300490005893C /* InfoPlist.strings in Resources */,
				C4BFBB051923004A0005893C /* Main.storyboard in Resources */,
			);
			runOnlyForDeploymentPostprocessing = 0;
		};
		C4BFBB0D1923004A0005893C /* Resources */ = {
			isa = PBXResourcesBuildPhase;
			buildActionMask = 2147483647;
			files = (
				C4BFBB1B1923004A0005893C /* InfoPlist.strings in Resources */,
			);
			runOnlyForDeploymentPostprocessing = 0;
		};
/* End PBXResourcesBuildPhase section */

/* Begin PBXSourcesBuildPhase section */
		C4BFBAEA192300490005893C /* Sources */ = {
			isa = PBXSourcesBuildPhase;
			buildActionMask = 2147483647;
			files = (
				C4BFBB081923004A0005893C /* ViewController.m in Sources */,
				C4BFBB02192300490005893C /* AppDelegate.m in Sources */,
				C4BFBAFE192300490005893C /* main.m in Sources */,
			);
			runOnlyForDeploymentPostprocessing = 0;
		};
		C4BFBB0B1923004A0005893C /* Sources */ = {
			isa = PBXSourcesBuildPhase;
			buildActionMask = 2147483647;
			files = (
				C4BFBB1D1923004A0005893C /* AdventureTests.m in Sources */,
			);
			runOnlyForDeploymentPostprocessing = 0;
		};
/* End PBXSourcesBuildPhase section */

/* Begin PBXTargetDependency section */
		C4BFBB151923004A0005893C /* PBXTargetDependency */ = {
			isa = PBXTargetDependency;
			target = C4BFBAED192300490005893C /* Adventure */;
			targetProxy = C4BFBB141923004A0005893C /* PBXContainerItemProxy */;
		};
/* End PBXTargetDependency section */

/* Begin PBXVariantGroup section */
		C4BFBAFA192300490005893C /* InfoPlist.strings */ = {
			isa = PBXVariantGroup;
			children = (
				C4BFBAFB192300490005893C /* en */,
			);
			name = InfoPlist.strings;
			sourceTree = "<group>";
		};
		C4BFBB031923004A0005893C /* Main.storyboard */ = {
			isa = PBXVariantGroup;
			children = (
				C4BFBB041923004A0005893C /* Base */,
			);
			name = Main.storyboard;
			sourceTree = "<group>";
		};
		C4BFBB191923004A0005893C /* InfoPlist.strings */ = {
			isa = PBXVariantGroup;
			children = (
				C4BFBB1A1923004A0005893C /* en */,
			);
			name = InfoPlist.strings;
			sourceTree = "<group>";
		};
/* End PBXVariantGroup section */

/* Begin XCBuildConfiguration section */
		C4BFBB1E1923004A0005893C /* Debug */ = {
			isa = XCBuildConfiguration;
			buildSettings = {
				ALWAYS_SEARCH_USER_PATHS = NO;
				CLANG_CXX_LANGUAGE_STANDARD = "gnu++0x";
				CLANG_CXX_LIBRARY = "libc++";
				CLANG_ENABLE_MODULES = YES;
				CLANG_ENABLE_OBJC_ARC = YES;
				CLANG_WARN_BOOL_CONVERSION = YES;
				CLANG_WARN_CONSTANT_CONVERSION = YES;
				CLANG_WARN_DIRECT_OBJC_ISA_USAGE = YES_ERROR;
				CLANG_WARN_EMPTY_BODY = YES;
				CLANG_WARN_ENUM_CONVERSION = YES;
				CLANG_WARN_INT_CONVERSION = YES;
				CLANG_WARN_OBJC_ROOT_CLASS = YES_ERROR;
				CLANG_WARN__DUPLICATE_METHOD_MATCH = YES;
				"CODE_SIGN_IDENTITY[sdk=iphoneos*]" = "iPhone Developer";
				COPY_PHASE_STRIP = NO;
				GCC_C_LANGUAGE_STANDARD = gnu99;
				GCC_DYNAMIC_NO_PIC = NO;
				GCC_OPTIMIZATION_LEVEL = 0;
				GCC_PREPROCESSOR_DEFINITIONS = (
					"DEBUG=1",
					"$(inherited)",
				);
				GCC_SYMBOLS_PRIVATE_EXTERN = NO;
				GCC_WARN_64_TO_32_BIT_CONVERSION = YES;
				GCC_WARN_ABOUT_RETURN_TYPE = YES_ERROR;
				GCC_WARN_UNDECLARED_SELECTOR = YES;
				GCC_WARN_UNINITIALIZED_AUTOS = YES_AGGRESSIVE;
				GCC_WARN_UNUSED_FUNCTION = YES;
				GCC_WARN_UNUSED_VARIABLE = YES;
				IPHONEOS_DEPLOYMENT_TARGET = 7.1;
				ONLY_ACTIVE_ARCH = YES;
				SDKROOT = iphoneos;
			};
			name = Debug;
		};
		C4BFBB1F1923004A0005893C /* Release */ = {
			isa = XCBuildConfiguration;
			buildSettings = {
				ALWAYS_SEARCH_USER_PATHS = NO;
				CLANG_CXX_LANGUAGE_STANDARD = "gnu++0x";
				CLANG_CXX_LIBRARY = "libc++";
				CLANG_ENABLE_MODULES = YES;
				CLANG_ENABLE_OBJC_ARC = YES;
				CLANG_WARN_BOOL_CONVERSION = YES;
				CLANG_WARN_CONSTANT_CONVERSION = YES;
				CLANG_WARN_DIRECT_OBJC_ISA_USAGE = YES_ERROR;
				CLANG_WARN_EMPTY_BODY = YES;
				CLANG_WARN_ENUM_CONVERSION = YES;
				CLANG_WARN_INT_CONVERSION = YES;
				CLANG_WARN_OBJC_ROOT_CLASS = YES_ERROR;
				CLANG_WARN__DUPLICATE_METHOD_MATCH = YES;
				"CODE_SIGN_IDENTITY[sdk=iphoneos*]" = "iPhone Developer";
				COPY_PHASE_STRIP = YES;
				ENABLE_NS_ASSERTIONS = NO;
				GCC_C_LANGUAGE_STANDARD = gnu99;
				GCC_WARN_64_TO_32_BIT_CONVERSION = YES;
				GCC_WARN_ABOUT_RETURN_TYPE = YES_ERROR;
				GCC_WARN_UNDECLARED_SELECTOR = YES;
				GCC_WARN_UNINITIALIZED_AUTOS = YES_AGGRESSIVE;
				GCC_WARN_UNUSED_FUNCTION = YES;
				GCC_WARN_UNUSED_VARIABLE = YES;
				IPHONEOS_DEPLOYMENT_TARGET = 7.1;
				SDKROOT = iphoneos;
				VALIDATE_PRODUCT = YES;
			};
			name = Release;
		};
		C4BFBB211923004A0005893C /* Debug */ = {
			isa = XCBuildConfiguration;
			buildSettings = {
				ASSETCATALOG_COMPILER_APPICON_NAME = AppIcon;
				ASSETCATALOG_COMPILER_LAUNCHIMAGE_NAME = LaunchImage;
				GCC_PRECOMPILE_PREFIX_HEADER = YES;
				GCC_PREFIX_HEADER = "Adventure/Adventure-Prefix.pch";
				INFOPLIST_FILE = "Adventure/Adventure-Info.plist";
				PRODUCT_NAME = "$(TARGET_NAME)";
				WRAPPER_EXTENSION = app;
			};
			name = Debug;
		};
		C4BFBB221923004A0005893C /* Release */ = {
			isa = XCBuildConfiguration;
			buildSettings = {
				ASSETCATALOG_COMPILER_APPICON_NAME = AppIcon;
				ASSETCATALOG_COMPILER_LAUNCHIMAGE_NAME = LaunchImage;
				GCC_PRECOMPILE_PREFIX_HEADER = YES;
				GCC_PREFIX_HEADER = "Adventure/Adventure-Prefix.pch";
				INFOPLIST_FILE = "Adventure/Adventure-Info.plist";
				PRODUCT_NAME = "$(TARGET_NAME)";
				WRAPPER_EXTENSION = app;
			};
			name = Release;
		};
		C4BFBB241923004A0005893C /* Debug */ = {
			isa = XCBuildConfiguration;
			buildSettings = {
				BUNDLE_LOADER = "$(BUILT_PRODUCTS_DIR)/Adventure.app/Adventure";
				FRAMEWORK_SEARCH_PATHS = (
					"$(SDKROOT)/Developer/Library/Frameworks",
					"$(inherited)",
					"$(DEVELOPER_FRAMEWORKS_DIR)",
				);
				GCC_PRECOMPILE_PREFIX_HEADER = YES;
				GCC_PREFIX_HEADER = "Adventure/Adventure-Prefix.pch";
				GCC_PREPROCESSOR_DEFINITIONS = (
					"DEBUG=1",
					"$(inherited)",
				);
				INFOPLIST_FILE = "AdventureTests/AdventureTests-Info.plist";
				PRODUCT_NAME = "$(TARGET_NAME)";
				TEST_HOST = "$(BUNDLE_LOADER)";
				WRAPPER_EXTENSION = xctest;
			};
			name = Debug;
		};
		C4BFBB251923004A0005893C /* Release */ = {
			isa = XCBuildConfiguration;
			buildSettings = {
				BUNDLE_LOADER = "$(BUILT_PRODUCTS_DIR)/Adventure.app/Adventure";
				FRAMEWORK_SEARCH_PATHS = (
					"$(SDKROOT)/Developer/Library/Frameworks",
					"$(inherited)",
					"$(DEVELOPER_FRAMEWORKS_DIR)",
				);
				GCC_PRECOMPILE_PREFIX_HEADER = YES;
				GCC_PREFIX_HEADER = "Adventure/Adventure-Prefix.pch";
				INFOPLIST_FILE = "AdventureTests/AdventureTests-Info.plist";
				PRODUCT_NAME = "$(TARGET_NAME)";
				TEST_HOST = "$(BUNDLE_LOADER)";
				WRAPPER_EXTENSION = xctest;
			};
			name = Release;
		};
/* End XCBuildConfiguration section */

/* Begin XCConfigurationList section */
		C4BFBAE9192300490005893C /* Build configuration list for PBXProject "Adventure" */ = {
			isa = XCConfigurationList;
			buildConfigurations = (
				C4BFBB1E1923004A0005893C /* Debug */,
				C4BFBB1F1923004A0005893C /* Release */,
			);
			defaultConfigurationIsVisible = 0;
			defaultConfigurationName = Release;
		};
		C4BFBB201923004A0005893C /* Build configuration list for PBXNativeTarget "Adventure" */ = {
			isa = XCConfigurationList;
			buildConfigurations = (
				C4BFBB211923004A0005893C /* Debug */,
				C4BFBB221923004A0005893C /* Release */,
			);
			defaultConfigurationIsVisible = 0;
		};
		C4BFBB231923004A0005893C /* Build configuration list for PBXNativeTarget "AdventureTests" */ = {
			isa = XCConfigurationList;
			buildConfigurations = (
				C4BFBB241923004A0005893C /* Debug */,
				C4BFBB251923004A0005893C /* Release */,
			);
			defaultConfigurationIsVisible = 0;
		};
/* End XCConfigurationList section */
	};
	rootObject = C4BFBAE6192300490005893C /* Project object */;
}
